// !$*UTF8*$!
{
	archiveVersion = 1;
	classes = {
	};
	objectVersion = 50;
	objects = {

/* Begin PBXBuildFile section */
		B941F99122C2E0C40003AB28 /* AppDelegate.swift in Sources */ = {isa = PBXBuildFile; fileRef = B941F99022C2E0C40003AB28 /* AppDelegate.swift */; };
		B941F99322C2E0C40003AB28 /* SceneDelegate.swift in Sources */ = {isa = PBXBuildFile; fileRef = B941F99222C2E0C40003AB28 /* SceneDelegate.swift */; };
		B941F99522C2E0C40003AB28 /* ViewController.swift in Sources */ = {isa = PBXBuildFile; fileRef = B941F99422C2E0C40003AB28 /* ViewController.swift */; };
		B941F99822C2E0C40003AB28 /* Main.storyboard in Resources */ = {isa = PBXBuildFile; fileRef = B941F99622C2E0C40003AB28 /* Main.storyboard */; };
		B941F99A22C2E0C60003AB28 /* Assets.xcassets in Resources */ = {isa = PBXBuildFile; fileRef = B941F99922C2E0C60003AB28 /* Assets.xcassets */; };
		B941F99D22C2E0C60003AB28 /* LaunchScreen.storyboard in Resources */ = {isa = PBXBuildFile; fileRef = B941F99B22C2E0C60003AB28 /* LaunchScreen.storyboard */; };
/* End PBXBuildFile section */

/* Begin PBXFileReference section */
		B941F98D22C2E0C40003AB28 /* SignInWithApple.app */ = {isa = PBXFileReference; explicitFileType = wrapper.application; includeInIndex = 0; path = SignInWithApple.app; sourceTree = BUILT_PRODUCTS_DIR; };
		B941F99022C2E0C40003AB28 /* AppDelegate.swift */ = {isa = PBXFileReference; lastKnownFileType = sourcecode.swift; path = AppDelegate.swift; sourceTree = "<group>"; };
		B941F99222C2E0C40003AB28 /* SceneDelegate.swift */ = {isa = PBXFileReference; lastKnownFileType = sourcecode.swift; path = SceneDelegate.swift; sourceTree = "<group>"; };
		B941F99422C2E0C40003AB28 /* ViewController.swift */ = {isa = PBXFileReference; lastKnownFileType = sourcecode.swift; path = ViewController.swift; sourceTree = "<group>"; };
		B941F99722C2E0C40003AB28 /* Base */ = {isa = PBXFileReference; lastKnownFileType = file.storyboard; name = Base; path = Base.lproj/Main.storyboard; sourceTree = "<group>"; };
		B941F99922C2E0C60003AB28 /* Assets.xcassets */ = {isa = PBXFileReference; lastKnownFileType = folder.assetcatalog; path = Assets.xcassets; sourceTree = "<group>"; };
		B941F99C22C2E0C60003AB28 /* Base */ = {isa = PBXFileReference; lastKnownFileType = file.storyboard; name = Base; path = Base.lproj/LaunchScreen.storyboard; sourceTree = "<group>"; };
		B941F99E22C2E0C60003AB28 /* Info.plist */ = {isa = PBXFileReference; lastKnownFileType = text.plist.xml; path = Info.plist; sourceTree = "<group>"; };
		B941F9A422C2E14A0003AB28 /* SignInWithApple.entitlements */ = {isa = PBXFileReference; lastKnownFileType = text.plist.entitlements; path = SignInWithApple.entitlements; sourceTree = "<group>"; };
/* End PBXFileReference section */

/* Begin PBXFrameworksBuildPhase section */
		B941F98A22C2E0C40003AB28 /* Frameworks */ = {
			isa = PBXFrameworksBuildPhase;
			buildActionMask = 2147483647;
			files = (
			);
			runOnlyForDeploymentPostprocessing = 0;
		};
/* End PBXFrameworksBuildPhase section */

/* Begin PBXGroup section */
		B941F98422C2E0C30003AB28 = {
			isa = PBXGroup;
			children = (
				B941F98F22C2E0C40003AB28 /* SignInWithApple */,
				B941F98E22C2E0C40003AB28 /* Products */,
			);
			sourceTree = "<group>";
		};
		B941F98E22C2E0C40003AB28 /* Products */ = {
			isa = PBXGroup;
			children = (
				B941F98D22C2E0C40003AB28 /* SignInWithApple.app */,
			);
			name = Products;
			sourceTree = "<group>";
		};
		B941F98F22C2E0C40003AB28 /* SignInWithApple */ = {
			isa = PBXGroup;
			children = (
				B941F9A422C2E14A0003AB28 /* SignInWithApple.entitlements */,
				B941F99022C2E0C40003AB28 /* AppDelegate.swift */,
				B941F99222C2E0C40003AB28 /* SceneDelegate.swift */,
				B941F99422C2E0C40003AB28 /* ViewController.swift */,
				B941F99622C2E0C40003AB28 /* Main.storyboard */,
				B941F99922C2E0C60003AB28 /* Assets.xcassets */,
				B941F99B22C2E0C60003AB28 /* LaunchScreen.storyboard */,
				B941F99E22C2E0C60003AB28 /* Info.plist */,
			);
			path = SignInWithApple;
			sourceTree = "<group>";
		};
/* End PBXGroup section */

/* Begin PBXNativeTarget section */
		B941F98C22C2E0C40003AB28 /* SignInWithApple */ = {
			isa = PBXNativeTarget;
			buildConfigurationList = B941F9A122C2E0C60003AB28 /* Build configuration list for PBXNativeTarget "SignInWithApple" */;
			buildPhases = (
				B941F98922C2E0C40003AB28 /* Sources */,
				B941F98A22C2E0C40003AB28 /* Frameworks */,
				B941F98B22C2E0C40003AB28 /* Resources */,
			);
			buildRules = (
			);
			dependencies = (
			);
			name = SignInWithApple;
			productName = SignInWithApple;
			productReference = B941F98D22C2E0C40003AB28 /* SignInWithApple.app */;
			productType = "com.apple.product-type.application";
		};
/* End PBXNativeTarget section */

/* Begin PBXProject section */
		B941F98522C2E0C30003AB28 /* Project object */ = {
			isa = PBXProject;
			attributes = {
				LastSwiftUpdateCheck = 1100;
				LastUpgradeCheck = 1100;
				ORGANIZATIONNAME = "Julian Schiavo";
				TargetAttributes = {
					B941F98C22C2E0C40003AB28 = {
						CreatedOnToolsVersion = 11.0;
					};
				};
			};
			buildConfigurationList = B941F98822C2E0C30003AB28 /* Build configuration list for PBXProject "SignInWithApple" */;
			compatibilityVersion = "Xcode 9.3";
			developmentRegion = en;
			hasScannedForEncodings = 0;
			knownRegions = (
				en,
				Base,
			);
			mainGroup = B941F98422C2E0C30003AB28;
			productRefGroup = B941F98E22C2E0C40003AB28 /* Products */;
			projectDirPath = "";
			projectRoot = "";
			targets = (
				B941F98C22C2E0C40003AB28 /* SignInWithApple */,
			);
		};
/* End PBXProject section */

/* Begin PBXResourcesBuildPhase section */
		B941F98B22C2E0C40003AB28 /* Resources */ = {
			isa = PBXResourcesBuildPhase;
			buildActionMask = 2147483647;
			files = (
				B941F99D22C2E0C60003AB28 /* LaunchScreen.storyboard in Resources */,
				B941F99A22C2E0C60003AB28 /* Assets.xcassets in Resources */,
				B941F99822C2E0C40003AB28 /* Main.storyboard in Resources */,
			);
			runOnlyForDeploymentPostprocessing = 0;
		};
/* End PBXResourcesBuildPhase section */

/* Begin PBXSourcesBuildPhase section */
		B941F98922C2E0C40003AB28 /* Sources */ = {
			isa = PBXSourcesBuildPhase;
			buildActionMask = 2147483647;
			files = (
				B941F99522C2E0C40003AB28 /* ViewController.swift in Sources */,
				B941F99122C2E0C40003AB28 /* AppDelegate.swift in Sources */,
				B941F99322C2E0C40003AB28 /* SceneDelegate.swift in Sources */,
			);
			runOnlyForDeploymentPostprocessing = 0;
		};
/* End PBXSourcesBuildPhase section */

/* Begin PBXVariantGroup section */
		B941F99622C2E0C40003AB28 /* Main.storyboard */ = {
			isa = PBXVariantGroup;
			children = (
				B941F99722C2E0C40003AB28 /* Base */,
			);
			name = Main.storyboard;
			sourceTree = "<group>";
		};
		B941F99B22C2E0C60003AB28 /* LaunchScreen.storyboard */ = {
			isa = PBXVariantGroup;
			children = (
				B941F99C22C2E0C60003AB28 /* Base */,
			);
			name = LaunchScreen.storyboard;
			sourceTree = "<group>";
		};
/* End PBXVariantGroup section */

/* Begin XCBuildConfiguration section */
		B941F99F22C2E0C60003AB28 /* Debug */ = {
			isa = XCBuildConfiguration;
			buildSettings = {
				ALWAYS_SEARCH_USER_PATHS = NO;
				CLANG_ANALYZER_NONNULL = YES;
				CLANG_ANALYZER_NUMBER_OBJECT_CONVERSION = YES_AGGRESSIVE;
				CLANG_CXX_LANGUAGE_STANDARD = "gnu++14";
				CLANG_CXX_LIBRARY = "libc++";
				CLANG_ENABLE_MODULES = YES;
				CLANG_ENABLE_OBJC_ARC = YES;
				CLANG_ENABLE_OBJC_WEAK = YES;
				CLANG_WARN_BLOCK_CAPTURE_AUTORELEASING = YES;
				CLANG_WARN_BOOL_CONVERSION = YES;
				CLANG_WARN_COMMA = YES;
				CLANG_WARN_CONSTANT_CONVERSION = YES;
				CLANG_WARN_DEPRECATED_OBJC_IMPLEMENTATIONS = YES;
				CLANG_WARN_DIRECT_OBJC_ISA_USAGE = YES_ERROR;
				CLANG_WARN_DOCUMENTATION_COMMENTS = YES;
				CLANG_WARN_EMPTY_BODY = YES;
				CLANG_WARN_ENUM_CONVERSION = YES;
				CLANG_WARN_INFINITE_RECURSION = YES;
				CLANG_WARN_INT_CONVERSION = YES;
				CLANG_WARN_NON_LITERAL_NULL_CONVERSION = YES;
				CLANG_WARN_OBJC_IMPLICIT_RETAIN_SELF = YES;
				CLANG_WARN_OBJC_LITERAL_CONVERSION = YES;
				CLANG_WARN_OBJC_ROOT_CLASS = YES_ERROR;
				CLANG_WARN_RANGE_LOOP_ANALYSIS = YES;
				CLANG_WARN_STRICT_PROTOTYPES = YES;
				CLANG_WARN_SUSPICIOUS_MOVE = YES;
				CLANG_WARN_UNGUARDED_AVAILABILITY = YES_AGGRESSIVE;
				CLANG_WARN_UNREACHABLE_CODE = YES;
				CLANG_WARN__DUPLICATE_METHOD_MATCH = YES;
				COPY_PHASE_STRIP = NO;
				DEBUG_INFORMATION_FORMAT = dwarf;
				ENABLE_STRICT_OBJC_MSGSEND = YES;
				ENABLE_TESTABILITY = YES;
				GCC_C_LANGUAGE_STANDARD = gnu11;
				GCC_DYNAMIC_NO_PIC = NO;
				GCC_NO_COMMON_BLOCKS = YES;
				GCC_OPTIMIZATION_LEVEL = 0;
				GCC_PREPROCESSOR_DEFINITIONS = (
					"DEBUG=1",
					"$(inherited)",
				);
				GCC_WARN_64_TO_32_BIT_CONVERSION = YES;
				GCC_WARN_ABOUT_RETURN_TYPE = YES_ERROR;
				GCC_WARN_UNDECLARED_SELECTOR = YES;
				GCC_WARN_UNINITIALIZED_AUTOS = YES_AGGRESSIVE;
				GCC_WARN_UNUSED_FUNCTION = YES;
				GCC_WARN_UNUSED_VARIABLE = YES;
				IPHONEOS_DEPLOYMENT_TARGET = 13.0;
				MTL_ENABLE_DEBUG_INFO = INCLUDE_SOURCE;
				MTL_FAST_MATH = YES;
				ONLY_ACTIVE_ARCH = YES;
				SDKROOT = iphoneos;
				SWIFT_ACTIVE_COMPILATION_CONDITIONS = DEBUG;
				SWIFT_OPTIMIZATION_LEVEL = "-Onone";
			};
			name = Debug;
		};
		B941F9A022C2E0C60003AB28 /* Release */ = {
			isa = XCBuildConfiguration;
			buildSettings = {
				ALWAYS_SEARCH_USER_PATHS = NO;
				CLANG_ANALYZER_NONNULL = YES;
				CLANG_ANALYZER_NUMBER_OBJECT_CONVERSION = YES_AGGRESSIVE;
				CLANG_CXX_LANGUAGE_STANDARD = "gnu++14";
				CLANG_CXX_LIBRARY = "libc++";
				CLANG_ENABLE_MODULES = YES;
				CLANG_ENABLE_OBJC_ARC = YES;
				CLANG_ENABLE_OBJC_WEAK = YES;
				CLANG_WARN_BLOCK_CAPTURE_AUTORELEASING = YES;
				CLANG_WARN_BOOL_CONVERSION = YES;
				CLANG_WARN_COMMA = YES;
				CLANG_WARN_CONSTANT_CONVERSION = YES;
				CLANG_WARN_DEPRECATED_OBJC_IMPLEMENTATIONS = YES;
				CLANG_WARN_DIRECT_OBJC_ISA_USAGE = YES_ERROR;
				CLANG_WARN_DOCUMENTATION_COMMENTS = YES;
				CLANG_WARN_EMPTY_BODY = YES;
				CLANG_WARN_ENUM_CONVERSION = YES;
				CLANG_WARN_INFINITE_RECURSION = YES;
				CLANG_WARN_INT_CONVERSION = YES;
				CLANG_WARN_NON_LITERAL_NULL_CONVERSION = YES;
				CLANG_WARN_OBJC_IMPLICIT_RETAIN_SELF = YES;
				CLANG_WARN_OBJC_LITERAL_CONVERSION = YES;
				CLANG_WARN_OBJC_ROOT_CLASS = YES_ERROR;
				CLANG_WARN_RANGE_LOOP_ANALYSIS = YES;
				CLANG_WARN_STRICT_PROTOTYPES = YES;
				CLANG_WARN_SUSPICIOUS_MOVE = YES;
				CLANG_WARN_UNGUARDED_AVAILABILITY = YES_AGGRESSIVE;
				CLANG_WARN_UNREACHABLE_CODE = YES;
				CLANG_WARN__DUPLICATE_METHOD_MATCH = YES;
				COPY_PHASE_STRIP = NO;
				DEBUG_INFORMATION_FORMAT = "dwarf-with-dsym";
				ENABLE_NS_ASSERTIONS = NO;
				ENABLE_STRICT_OBJC_MSGSEND = YES;
				GCC_C_LANGUAGE_STANDARD = gnu11;
				GCC_NO_COMMON_BLOCKS = YES;
				GCC_WARN_64_TO_32_BIT_CONVERSION = YES;
				GCC_WARN_ABOUT_RETURN_TYPE = YES_ERROR;
				GCC_WARN_UNDECLARED_SELECTOR = YES;
				GCC_WARN_UNINITIALIZED_AUTOS = YES_AGGRESSIVE;
				GCC_WARN_UNUSED_FUNCTION = YES;
				GCC_WARN_UNUSED_VARIABLE = YES;
				IPHONEOS_DEPLOYMENT_TARGET = 13.0;
				MTL_ENABLE_DEBUG_INFO = NO;
				MTL_FAST_MATH = YES;
				SDKROOT = iphoneos;
				SWIFT_COMPILATION_MODE = wholemodule;
				SWIFT_OPTIMIZATION_LEVEL = "-O";
				VALIDATE_PRODUCT = YES;
			};
			name = Release;
		};
		B941F9A222C2E0C60003AB28 /* Debug */ = {
			isa = XCBuildConfiguration;
			buildSettings = {
				ASSETCATALOG_COMPILER_APPICON_NAME = AppIcon;
				CODE_SIGN_ENTITLEMENTS = SignInWithApple/SignInWithApple.entitlements;
				CODE_SIGN_STYLE = Automatic;
				DEVELOPMENT_TEAM = 74N8K5J2N7;
				INFOPLIST_FILE = SignInWithApple/Info.plist;
				LD_RUNPATH_SEARCH_PATHS = (
					"$(inherited)",
					"@executable_path/Frameworks",
				);
				PRODUCT_BUNDLE_IDENTIFIER = com.julianschiavo.SignInWithApple;
				PRODUCT_NAME = "$(TARGET_NAME)";
				SWIFT_VERSION = 5.0;
				TARGETED_DEVICE_FAMILY = "1,2";
			};
			name = Debug;
		};
		B941F9A322C2E0C60003AB28 /* Release */ = {
			isa = XCBuildConfiguration;
			buildSettings = {
				ASSETCATALOG_COMPILER_APPICON_NAME = AppIcon;
				CODE_SIGN_ENTITLEMENTS = SignInWithApple/SignInWithApple.entitlements;
				CODE_SIGN_STYLE = Automatic;
				DEVELOPMENT_TEAM = 74N8K5J2N7;
				INFOPLIST_FILE = SignInWithApple/Info.plist;
				LD_RUNPATH_SEARCH_PATHS = (
					"$(inherited)",
					"@executable_path/Frameworks",
				);
				PRODUCT_BUNDLE_IDENTIFIER = com.julianschiavo.SignInWithApple;
				PRODUCT_NAME = "$(TARGET_NAME)";
				SWIFT_VERSION = 5.0;
				TARGETED_DEVICE_FAMILY = "1,2";
			};
			name = Release;
		};
/* End XCBuildConfiguration section */

/* Begin XCConfigurationList section */
		B941F98822C2E0C30003AB28 /* Build configuration list for PBXProject "SignInWithApple" */ = {
			isa = XCConfigurationList;
			buildConfigurations = (
				B941F99F22C2E0C60003AB28 /* Debug */,
				B941F9A022C2E0C60003AB28 /* Release */,
			);
			defaultConfigurationIsVisible = 0;
			defaultConfigurationName = Release;
		};
		B941F9A122C2E0C60003AB28 /* Build configuration list for PBXNativeTarget "SignInWithApple" */ = {
			isa = XCConfigurationList;
			buildConfigurations = (
				B941F9A222C2E0C60003AB28 /* Debug */,
				B941F9A322C2E0C60003AB28 /* Release */,
			);
			defaultConfigurationIsVisible = 0;
			defaultConfigurationName = Release;
		};
/* End XCConfigurationList section */
	};
	rootObject = B941F98522C2E0C30003AB28 /* Project object */;
}
